
Microsoft Visual Studio Solution File, Format Version 12.00
# Visual Studio 15
VisualStudioVersion = 15.0.28307.271
MinimumVisualStudioVersion = 10.0.40219.1
Project("{FAE04EC0-301F-11D3-BF4B-00C04F79EFBC}") = "BilgeAdam.Examples2", "BilgeAdam.Examples2\BilgeAdam.Examples2.csproj", "{C10E62E4-65F0-46FC-819B-173A166DC880}"
EndProject
Project("{FAE04EC0-301F-11D3-BF4B-00C04F79EFBC}") = "BilgeAdam.JumpeNumbe", "BilgeAdam.JumpeNumbe\BilgeAdam.JumpeNumbe.csproj", "{ED4A03F2-1289-46E2-B91E-E37D8CB6FFEA}"
EndProject
Project("{FAE04EC0-301F-11D3-BF4B-00C04F79EFBC}") = "BilgeAdam.WordMemory", "BilgeAdam.WordMemory\BilgeAdam.WordMemory.csproj", "{F74D47F1-1F55-4073-96FB-1B8A048087E7}"
EndProject
Project("{FAE04EC0-301F-11D3-BF4B-00C04F79EFBC}") = "BilgeAdam.LoadTest", "BilgeAdam.LoadTest\BilgeAdam.LoadTest.csproj", "{D1827926-B821-46FD-99E6-B58CF86161B4}"
EndProject
Project("{FAE04EC0-301F-11D3-BF4B-00C04F79EFBC}") = "BilgeAdam.ObjectOrientedExample", "BilgeAdam.ObjectOrientedExample\BilgeAdam.ObjectOrientedExample.csproj", "{C21046B5-B0FD-46A1-8D86-9CF22745888D}"
EndProject
Project("{FAE04EC0-301F-11D3-BF4B-00C04F79EFBC}") = "BilgeAdam.DomainSystem", "BilgeAdam.DomainSystem\BilgeAdam.DomainSystem.csproj", "{0F927257-20E6-4193-BEFF-57609DFB814E}"
EndProject
Global
	GlobalSection(SolutionConfigurationPlatforms) = preSolution
		Debug|Any CPU = Debug|Any CPU
		Release|Any CPU = Release|Any CPU
	EndGlobalSection
	GlobalSection(ProjectConfigurationPlatforms) = postSolution
		{C10E62E4-65F0-46FC-819B-173A166DC880}.Debug|Any CPU.ActiveCfg = Debug|Any CPU
		{C10E62E4-65F0-46FC-819B-173A166DC880}.Debug|Any CPU.Build.0 = Debug|Any CPU
		{C10E62E4-65F0-46FC-819B-173A166DC880}.Release|Any CPU.ActiveCfg = Release|Any CPU
		{C10E62E4-65F0-46FC-819B-173A166DC880}.Release|Any CPU.Build.0 = Release|Any CPU
		{ED4A03F2-1289-46E2-B91E-E37D8CB6FFEA}.Debug|Any CPU.ActiveCfg = Debug|Any CPU
		{ED4A03F2-1289-46E2-B91E-E37D8CB6FFEA}.Debug|Any CPU.Build.0 = Debug|Any CPU
		{ED4A03F2-1289-46E2-B91E-E37D8CB6FFEA}.Release|Any CPU.ActiveCfg = Release|Any CPU
		{ED4A03F2-1289-46E2-B91E-E37D8CB6FFEA}.Release|Any CPU.Build.0 = Release|Any CPU
		{F74D47F1-1F55-4073-96FB-1B8A048087E7}.Debug|Any CPU.ActiveCfg = Debug|Any CPU
		{F74D47F1-1F55-4073-96FB-1B8A048087E7}.Debug|Any CPU.Build.0 = Debug|Any CPU
		{F74D47F1-1F55-4073-96FB-1B8A048087E7}.Release|Any CPU.ActiveCfg = Release|Any CPU
		{F74D47F1-1F55-4073-96FB-1B8A048087E7}.Release|Any CPU.Build.0 = Release|Any CPU
		{D1827926-B821-46FD-99E6-B58CF86161B4}.Debug|Any CPU.ActiveCfg = Debug|Any CPU
		{D1827926-B821-46FD-99E6-B58CF86161B4}.Debug|Any CPU.Build.0 = Debug|Any CPU
		{D1827926-B821-46FD-99E6-B58CF86161B4}.Release|Any CPU.ActiveCfg = Release|Any CPU
		{D1827926-B821-46FD-99E6-B58CF86161B4}.Release|Any CPU.Build.0 = Release|Any CPU
		{C21046B5-B0FD-46A1-8D86-9CF22745888D}.Debug|Any CPU.ActiveCfg = Debug|Any CPU
		{C21046B5-B0FD-46A1-8D86-9CF22745888D}.Debug|Any CPU.Build.0 = Debug|Any CPU
		{C21046B5-B0FD-46A1-8D86-9CF22745888D}.Release|Any CPU.ActiveCfg = Release|Any CPU
		{C21046B5-B0FD-46A1-8D86-9CF22745888D}.Release|Any CPU.Build.0 = Release|Any CPU
		{0F927257-20E6-4193-BEFF-57609DFB814E}.Debug|Any CPU.ActiveCfg = Debug|Any CPU
		{0F927257-20E6-4193-BEFF-57609DFB814E}.Debug|Any CPU.Build.0 = Debug|Any CPU
		{0F927257-20E6-4193-BEFF-57609DFB814E}.Release|Any CPU.ActiveCfg = Release|Any CPU
		{0F927257-20E6-4193-BEFF-57609DFB814E}.Release|Any CPU.Build.0 = Release|Any CPU
	EndGlobalSection
	GlobalSection(SolutionProperties) = preSolution
		HideSolutionNode = FALSE
	EndGlobalSection
	GlobalSection(ExtensibilityGlobals) = postSolution
		SolutionGuid = {A4ED3602-47A8-4F98-B25D-2A7B775AD23F}
	EndGlobalSection
EndGlobal
